// !$*UTF8*$!
{
	archiveVersion = 1;
	classes = {
	};
	objectVersion = 50;
	objects = {

/* Begin PBXBuildFile section */
		C1495DB620712A8000E03564 /* Default-568h@2x.png in Resources */ = {isa = PBXBuildFile; fileRef = C1495DB520712A8000E03564 /* Default-568h@2x.png */; };
		C1AC0B41206FB19F005E89F5 /* AppDelegate.swift in Sources */ = {isa = PBXBuildFile; fileRef = C1AC0B40206FB19F005E89F5 /* AppDelegate.swift */; };
		C1AC0B43206FB19F005E89F5 /* ViewController.swift in Sources */ = {isa = PBXBuildFile; fileRef = C1AC0B42206FB19F005E89F5 /* ViewController.swift */; };
		C1AC0B46206FB19F005E89F5 /* Main.storyboard in Resources */ = {isa = PBXBuildFile; fileRef = C1AC0B44206FB19F005E89F5 /* Main.storyboard */; };
		C1AC0B48206FB1A1005E89F5 /* Assets.xcassets in Resources */ = {isa = PBXBuildFile; fileRef = C1AC0B47206FB1A1005E89F5 /* Assets.xcassets */; };
		C1AC0B4B206FB1A1005E89F5 /* LaunchScreen.storyboard in Resources */ = {isa = PBXBuildFile; fileRef = C1AC0B49206FB1A1005E89F5 /* LaunchScreen.storyboard */; };
		C1AC0B54206FB235005E89F5 /* Concentration.swift in Sources */ = {isa = PBXBuildFile; fileRef = C1AC0B53206FB235005E89F5 /* Concentration.swift */; };
		C1AC0B56206FB2ED005E89F5 /* Card.swift in Sources */ = {isa = PBXBuildFile; fileRef = C1AC0B55206FB2ED005E89F5 /* Card.swift */; };
/* End PBXBuildFile section */

/* Begin PBXFileReference section */
		C1495DB520712A8000E03564 /* Default-568h@2x.png */ = {isa = PBXFileReference; lastKnownFileType = image.png; path = "Default-568h@2x.png"; sourceTree = "<group>"; };
		C1AC0B3D206FB19F005E89F5 /* Concetration_Assigment.app */ = {isa = PBXFileReference; explicitFileType = wrapper.application; includeInIndex = 0; path = Concetration_Assigment.app; sourceTree = BUILT_PRODUCTS_DIR; };
		C1AC0B40206FB19F005E89F5 /* AppDelegate.swift */ = {isa = PBXFileReference; lastKnownFileType = sourcecode.swift; path = AppDelegate.swift; sourceTree = "<group>"; };
		C1AC0B42206FB19F005E89F5 /* ViewController.swift */ = {isa = PBXFileReference; lastKnownFileType = sourcecode.swift; path = ViewController.swift; sourceTree = "<group>"; };
		C1AC0B45206FB19F005E89F5 /* Base */ = {isa = PBXFileReference; lastKnownFileType = file.storyboard; name = Base; path = Base.lproj/Main.storyboard; sourceTree = "<group>"; };
		C1AC0B47206FB1A1005E89F5 /* Assets.xcassets */ = {isa = PBXFileReference; lastKnownFileType = folder.assetcatalog; path = Assets.xcassets; sourceTree = "<group>"; };
		C1AC0B4A206FB1A1005E89F5 /* Base */ = {isa = PBXFileReference; lastKnownFileType = file.storyboard; name = Base; path = Base.lproj/LaunchScreen.storyboard; sourceTree = "<group>"; };
		C1AC0B4C206FB1A1005E89F5 /* Info.plist */ = {isa = PBXFileReference; lastKnownFileType = text.plist.xml; path = Info.plist; sourceTree = "<group>"; };
		C1AC0B53206FB235005E89F5 /* Concentration.swift */ = {isa = PBXFileReference; lastKnownFileType = sourcecode.swift; path = Concentration.swift; sourceTree = "<group>"; };
		C1AC0B55206FB2ED005E89F5 /* Card.swift */ = {isa = PBXFileReference; lastKnownFileType = sourcecode.swift; path = Card.swift; sourceTree = "<group>"; };
/* End PBXFileReference section */

/* Begin PBXFrameworksBuildPhase section */
		C1AC0B3A206FB19F005E89F5 /* Frameworks */ = {
			isa = PBXFrameworksBuildPhase;
			buildActionMask = 2147483647;
			files = (
			);
			runOnlyForDeploymentPostprocessing = 0;
		};
/* End PBXFrameworksBuildPhase section */

/* Begin PBXGroup section */
		C1AC0B34206FB19F005E89F5 = {
			isa = PBXGroup;
			children = (
				C1495DB520712A8000E03564 /* Default-568h@2x.png */,
				C1AC0B3F206FB19F005E89F5 /* Concetration_Assigment */,
				C1AC0B3E206FB19F005E89F5 /* Products */,
			);
			sourceTree = "<group>";
		};
		C1AC0B3E206FB19F005E89F5 /* Products */ = {
			isa = PBXGroup;
			children = (
				C1AC0B3D206FB19F005E89F5 /* Concetration_Assigment.app */,
			);
			name = Products;
			sourceTree = "<group>";
		};
		C1AC0B3F206FB19F005E89F5 /* Concetration_Assigment */ = {
			isa = PBXGroup;
			children = (
				C1AC0B42206FB19F005E89F5 /* ViewController.swift */,
				C1AC0B53206FB235005E89F5 /* Concentration.swift */,
				C1AC0B55206FB2ED005E89F5 /* Card.swift */,
				C1AC0B44206FB19F005E89F5 /* Main.storyboard */,
				C1AC0B4C206FB1A1005E89F5 /* Info.plist */,
				C1AC0B52206FB210005E89F5 /* Other Stuff */,
			);
			path = Concetration_Assigment;
			sourceTree = "<group>";
		};
		C1AC0B52206FB210005E89F5 /* Other Stuff */ = {
			isa = PBXGroup;
			children = (
				C1AC0B40206FB19F005E89F5 /* AppDelegate.swift */,
				C1AC0B47206FB1A1005E89F5 /* Assets.xcassets */,
				C1AC0B49206FB1A1005E89F5 /* LaunchScreen.storyboard */,
			);
			path = "Other Stuff";
			sourceTree = "<group>";
		};
/* End PBXGroup section */

/* Begin PBXNativeTarget section */
		C1AC0B3C206FB19F005E89F5 /* Concetration_Assigment */ = {
			isa = PBXNativeTarget;
			buildConfigurationList = C1AC0B4F206FB1A1005E89F5 /* Build configuration list for PBXNativeTarget "Concetration_Assigment" */;
			buildPhases = (
				C1AC0B39206FB19F005E89F5 /* Sources */,
				C1AC0B3A206FB19F005E89F5 /* Frameworks */,
				C1AC0B3B206FB19F005E89F5 /* Resources */,
			);
			buildRules = (
			);
			dependencies = (
			);
			name = Concetration_Assigment;
			productName = Conectration_Project;
			productReference = C1AC0B3D206FB19F005E89F5 /* Concetration_Assigment.app */;
			productType = "com.apple.product-type.application";
		};
/* End PBXNativeTarget section */

/* Begin PBXProject section */
		C1AC0B35206FB19F005E89F5 /* Project object */ = {
			isa = PBXProject;
			attributes = {
				LastSwiftUpdateCheck = 0930;
				LastUpgradeCheck = 0930;
				ORGANIZATIONNAME = "Fernando Benavides";
				TargetAttributes = {
					C1AC0B3C206FB19F005E89F5 = {
						CreatedOnToolsVersion = 9.3;
					};
				};
			};
			buildConfigurationList = C1AC0B38206FB19F005E89F5 /* Build configuration list for PBXProject "Concetration_Assigment" */;
			compatibilityVersion = "Xcode 9.3";
			developmentRegion = en;
			hasScannedForEncodings = 0;
			knownRegions = (
				en,
				Base,
			);
			mainGroup = C1AC0B34206FB19F005E89F5;
			productRefGroup = C1AC0B3E206FB19F005E89F5 /* Products */;
			projectDirPath = "";
			projectRoot = "";
			targets = (
				C1AC0B3C206FB19F005E89F5 /* Concetration_Assigment */,
			);
		};
/* End PBXProject section */

/* Begin PBXResourcesBuildPhase section */
		C1AC0B3B206FB19F005E89F5 /* Resources */ = {
			isa = PBXResourcesBuildPhase;
			buildActionMask = 2147483647;
			files = (
				C1AC0B4B206FB1A1005E89F5 /* LaunchScreen.storyboard in Resources */,
				C1495DB620712A8000E03564 /* Default-568h@2x.png in Resources */,
				C1AC0B48206FB1A1005E89F5 /* Assets.xcassets in Resources */,
				C1AC0B46206FB19F005E89F5 /* Main.storyboard in Resources */,
			);
			runOnlyForDeploymentPostprocessing = 0;
		};
/* End PBXResourcesBuildPhase section */

/* Begin PBXSourcesBuildPhase section */
		C1AC0B39206FB19F005E89F5 /* Sources */ = {
			isa = PBXSourcesBuildPhase;
			buildActionMask = 2147483647;
			files = (
				C1AC0B43206FB19F005E89F5 /* ViewController.swift in Sources */,
				C1AC0B41206FB19F005E89F5 /* AppDelegate.swift in Sources */,
				C1AC0B54206FB235005E89F5 /* Concentration.swift in Sources */,
				C1AC0B56206FB2ED005E89F5 /* Card.swift in Sources */,
			);
			runOnlyForDeploymentPostprocessing = 0;
		};
/* End PBXSourcesBuildPhase section */

/* Begin PBXVariantGroup section */
		C1AC0B44206FB19F005E89F5 /* Main.storyboard */ = {
			isa = PBXVariantGroup;
			children = (
				C1AC0B45206FB19F005E89F5 /* Base */,
			);
			name = Main.storyboard;
			sourceTree = "<group>";
		};
		C1AC0B49206FB1A1005E89F5 /* LaunchScreen.storyboard */ = {
			isa = PBXVariantGroup;
			children = (
				C1AC0B4A206FB1A1005E89F5 /* Base */,
			);
			name = LaunchScreen.storyboard;
			sourceTree = "<group>";
		};
/* End PBXVariantGroup section */

/* Begin XCBuildConfiguration section */
		C1AC0B4D206FB1A1005E89F5 /* Debug */ = {
			isa = XCBuildConfiguration;
			buildSettings = {
				ALWAYS_SEARCH_USER_PATHS = NO;
				CLANG_ANALYZER_NONNULL = YES;
				CLANG_ANALYZER_NUMBER_OBJECT_CONVERSION = YES_AGGRESSIVE;
				CLANG_CXX_LANGUAGE_STANDARD = "gnu++14";
				CLANG_CXX_LIBRARY = "libc++";
				CLANG_ENABLE_MODULES = YES;
				CLANG_ENABLE_OBJC_ARC = YES;
				CLANG_ENABLE_OBJC_WEAK = YES;
				CLANG_WARN_BLOCK_CAPTURE_AUTORELEASING = YES;
				CLANG_WARN_BOOL_CONVERSION = YES;
				CLANG_WARN_COMMA = YES;
				CLANG_WARN_CONSTANT_CONVERSION = YES;
				CLANG_WARN_DEPRECATED_OBJC_IMPLEMENTATIONS = YES;
				CLANG_WARN_DIRECT_OBJC_ISA_USAGE = YES_ERROR;
				CLANG_WARN_DOCUMENTATION_COMMENTS = YES;
				CLANG_WARN_EMPTY_BODY = YES;
				CLANG_WARN_ENUM_CONVERSION = YES;
				CLANG_WARN_INFINITE_RECURSION = YES;
				CLANG_WARN_INT_CONVERSION = YES;
				CLANG_WARN_NON_LITERAL_NULL_CONVERSION = YES;
				CLANG_WARN_OBJC_IMPLICIT_RETAIN_SELF = YES;
				CLANG_WARN_OBJC_LITERAL_CONVERSION = YES;
				CLANG_WARN_OBJC_ROOT_CLASS = YES_ERROR;
				CLANG_WARN_RANGE_LOOP_ANALYSIS = YES;
				CLANG_WARN_STRICT_PROTOTYPES = YES;
				CLANG_WARN_SUSPICIOUS_MOVE = YES;
				CLANG_WARN_UNGUARDED_AVAILABILITY = YES_AGGRESSIVE;
				CLANG_WARN_UNREACHABLE_CODE = YES;
				CLANG_WARN__DUPLICATE_METHOD_MATCH = YES;
				CODE_SIGN_IDENTITY = "iPhone Developer";
				COPY_PHASE_STRIP = NO;
				DEBUG_INFORMATION_FORMAT = dwarf;
				ENABLE_STRICT_OBJC_MSGSEND = YES;
				ENABLE_TESTABILITY = YES;
				GCC_C_LANGUAGE_STANDARD = gnu11;
				GCC_DYNAMIC_NO_PIC = NO;
				GCC_NO_COMMON_BLOCKS = YES;
				GCC_OPTIMIZATION_LEVEL = 0;
				GCC_PREPROCESSOR_DEFINITIONS = (
					"DEBUG=1",
					"$(inherited)",
				);
				GCC_WARN_64_TO_32_BIT_CONVERSION = YES;
				GCC_WARN_ABOUT_RETURN_TYPE = YES_ERROR;
				GCC_WARN_UNDECLARED_SELECTOR = YES;
				GCC_WARN_UNINITIALIZED_AUTOS = YES_AGGRESSIVE;
				GCC_WARN_UNUSED_FUNCTION = YES;
				GCC_WARN_UNUSED_VARIABLE = YES;
				IPHONEOS_DEPLOYMENT_TARGET = 11.3;
				MTL_ENABLE_DEBUG_INFO = YES;
				ONLY_ACTIVE_ARCH = YES;
				SDKROOT = iphoneos;
				SWIFT_ACTIVE_COMPILATION_CONDITIONS = DEBUG;
				SWIFT_OPTIMIZATION_LEVEL = "-Onone";
			};
			name = Debug;
		};
		C1AC0B4E206FB1A1005E89F5 /* Release */ = {
			isa = XCBuildConfiguration;
			buildSettings = {
				ALWAYS_SEARCH_USER_PATHS = NO;
				CLANG_ANALYZER_NONNULL = YES;
				CLANG_ANALYZER_NUMBER_OBJECT_CONVERSION = YES_AGGRESSIVE;
				CLANG_CXX_LANGUAGE_STANDARD = "gnu++14";
				CLANG_CXX_LIBRARY = "libc++";
				CLANG_ENABLE_MODULES = YES;
				CLANG_ENABLE_OBJC_ARC = YES;
				CLANG_ENABLE_OBJC_WEAK = YES;
				CLANG_WARN_BLOCK_CAPTURE_AUTORELEASING = YES;
				CLANG_WARN_BOOL_CONVERSION = YES;
				CLANG_WARN_COMMA = YES;
				CLANG_WARN_CONSTANT_CONVERSION = YES;
				CLANG_WARN_DEPRECATED_OBJC_IMPLEMENTATIONS = YES;
				CLANG_WARN_DIRECT_OBJC_ISA_USAGE = YES_ERROR;
				CLANG_WARN_DOCUMENTATION_COMMENTS = YES;
				CLANG_WARN_EMPTY_BODY = YES;
				CLANG_WARN_ENUM_CONVERSION = YES;
				CLANG_WARN_INFINITE_RECURSION = YES;
				CLANG_WARN_INT_CONVERSION = YES;
				CLANG_WARN_NON_LITERAL_NULL_CONVERSION = YES;
				CLANG_WARN_OBJC_IMPLICIT_RETAIN_SELF = YES;
				CLANG_WARN_OBJC_LITERAL_CONVERSION = YES;
				CLANG_WARN_OBJC_ROOT_CLASS = YES_ERROR;
				CLANG_WARN_RANGE_LOOP_ANALYSIS = YES;
				CLANG_WARN_STRICT_PROTOTYPES = YES;
				CLANG_WARN_SUSPICIOUS_MOVE = YES;
				CLANG_WARN_UNGUARDED_AVAILABILITY = YES_AGGRESSIVE;
				CLANG_WARN_UNREACHABLE_CODE = YES;
				CLANG_WARN__DUPLICATE_METHOD_MATCH = YES;
				CODE_SIGN_IDENTITY = "iPhone Developer";
				COPY_PHASE_STRIP = NO;
				DEBUG_INFORMATION_FORMAT = "dwarf-with-dsym";
				ENABLE_NS_ASSERTIONS = NO;
				ENABLE_STRICT_OBJC_MSGSEND = YES;
				GCC_C_LANGUAGE_STANDARD = gnu11;
				GCC_NO_COMMON_BLOCKS = YES;
				GCC_WARN_64_TO_32_BIT_CONVERSION = YES;
				GCC_WARN_ABOUT_RETURN_TYPE = YES_ERROR;
				GCC_WARN_UNDECLARED_SELECTOR = YES;
				GCC_WARN_UNINITIALIZED_AUTOS = YES_AGGRESSIVE;
				GCC_WARN_UNUSED_FUNCTION = YES;
				GCC_WARN_UNUSED_VARIABLE = YES;
				IPHONEOS_DEPLOYMENT_TARGET = 11.3;
				MTL_ENABLE_DEBUG_INFO = NO;
				SDKROOT = iphoneos;
				SWIFT_COMPILATION_MODE = wholemodule;
				SWIFT_OPTIMIZATION_LEVEL = "-O";
				VALIDATE_PRODUCT = YES;
			};
			name = Release;
		};
		C1AC0B50206FB1A1005E89F5 /* Debug */ = {
			isa = XCBuildConfiguration;
			buildSettings = {
				ASSETCATALOG_COMPILER_APPICON_NAME = AppIcon;
				CODE_SIGN_STYLE = Automatic;
				DEVELOPMENT_TEAM = 4FT83F7673;
				INFOPLIST_FILE = Concetration_Assigment/Info.plist;
				IPHONEOS_DEPLOYMENT_TARGET = 11.0;
				LD_RUNPATH_SEARCH_PATHS = (
					"$(inherited)",
					"@executable_path/Frameworks",
				);
				PRODUCT_BUNDLE_IDENTIFIER = nockzblack.Memo;
				PRODUCT_NAME = "$(TARGET_NAME)";
				SWIFT_VERSION = 4.0;
				TARGETED_DEVICE_FAMILY = 1;
			};
			name = Debug;
		};
		C1AC0B51206FB1A1005E89F5 /* Release */ = {
			isa = XCBuildConfiguration;
			buildSettings = {
				ASSETCATALOG_COMPILER_APPICON_NAME = AppIcon;
				CODE_SIGN_STYLE = Automatic;
				DEVELOPMENT_TEAM = 4FT83F7673;
				INFOPLIST_FILE = Concetration_Assigment/Info.plist;
				IPHONEOS_DEPLOYMENT_TARGET = 11.0;
				LD_RUNPATH_SEARCH_PATHS = (
					"$(inherited)",
					"@executable_path/Frameworks",
				);
				PRODUCT_BUNDLE_IDENTIFIER = nockzblack.Memo;
				PRODUCT_NAME = "$(TARGET_NAME)";
				SWIFT_VERSION = 4.0;
				TARGETED_DEVICE_FAMILY = 1;
			};
			name = Release;
		};
/* End XCBuildConfiguration section */

/* Begin XCConfigurationList section */
		C1AC0B38206FB19F005E89F5 /* Build configuration list for PBXProject "Concetration_Assigment" */ = {
			isa = XCConfigurationList;
			buildConfigurations = (
				C1AC0B4D206FB1A1005E89F5 /* Debug */,
				C1AC0B4E206FB1A1005E89F5 /* Release */,
			);
			defaultConfigurationIsVisible = 0;
			defaultConfigurationName = Release;
		};
		C1AC0B4F206FB1A1005E89F5 /* Build configuration list for PBXNativeTarget "Concetration_Assigment" */ = {
			isa = XCConfigurationList;
			buildConfigurations = (
				C1AC0B50206FB1A1005E89F5 /* Debug */,
				C1AC0B51206FB1A1005E89F5 /* Release */,
			);
			defaultConfigurationIsVisible = 0;
			defaultConfigurationName = Release;
		};
/* End XCConfigurationList section */
	};
	rootObject = C1AC0B35206FB19F005E89F5 /* Project object */;
}
